Microsoft Visual Studio Solution File, Format Version 12.00
# Visual Studio 2013
VisualStudioVersion = 12.0.31101.0
MinimumVisualStudioVersion = 10.0.40219.1
Project("{FAE04EC0-301F-11D3-BF4B-00C04F79EFBC}") = "tEDI", "tEDI\tEDI.csproj", "{F408A379-AEFC-46C1-81A0-5024914227E6}"
EndProject
Project("{2150E333-8FDC-42A3-9474-1A3956D46DE8}") = "Solution Items", "Solution Items", "{F2815C36-1D27-48A9-BB3A-73C63DC9F44D}"
EndProject
Global
	GlobalSection(SolutionConfigurationPlatforms) = preSolution
		Debug|Any CPU = Debug|Any CPU
		Release|Any CPU = Release|Any CPU
	EndGlobalSection
	GlobalSection(ProjectConfigurationPlatforms) = postSolution
		{F408A379-AEFC-46C1-81A0-5024914227E6}.Debug|Any CPU.ActiveCfg = Debug|Any CPU
		{F408A379-AEFC-46C1-81A0-5024914227E6}.Debug|Any CPU.Build.0 = Debug|Any CPU
		{F408A379-AEFC-46C1-81A0-5024914227E6}.Release|Any CPU.ActiveCfg = Release|Any CPU
		{F408A379-AEFC-46C1-81A0-5024914227E6}.Release|Any CPU.Build.0 = Release|Any CPU
	EndGlobalSection
	GlobalSection(SolutionProperties) = preSolution
		HideSolutionNode = FALSE
	EndGlobalSection
EndGlobal
